<?xml version="1.0" encoding="UTF-8" standalone="yes" ?>
<CodeBlocks_project_file>
	<FileVersion major="1" minor="6" />
	<Project>
		<Option title="Vjezba9" />
		<Option pch_mode="2" />
		<Option compiler="gcc" />
		<Build>
			<Target title="Debug">
				<Option output="bin/Debug/Vjezba9" prefix_auto="1" extension_auto="1" />
				<Option object_output="obj/Debug/" />
				<Option type="1" />
				<Option compiler="gcc" />
				<Compiler>
					<Add option="-g" />
				</Compiler>
			</Target>
		</Build>
		<Compiler>
			<Add option="-Wall" />
		</Compiler>
		<Unit filename="Animal.cpp" />
		<Unit filename="Animal.h" />
		<Unit filename="Aquatic.cpp" />
		<Unit filename="Aquatic.h" />
		<Unit filename="Dolphin.cpp" />
		<Unit filename="Dolphin.h" />
		<Unit filename="Elephant.cpp" />
		<Unit filename="Elephant.h" />
		<Unit filename="Lion.cpp" />
		<Unit filename="Lion.h" />
		<Unit filename="Mammal.cpp" />
		<Unit filename="Mammal.h" />
		<Unit filename="SeaTurtle.cpp" />
		<Unit filename="SeaTurtle.h" />
		<Unit filename="Vjezba9.cbp" />
		<Unit filename="ZooKeeper.cpp" />
		<Unit filename="ZooKeeper.h" />
		<Unit filename="ZooSection.h" />
		<Unit filename="main.cpp" />
		<Extensions>
			<lib_finder disable_auto="1" />
		</Extensions>
	</Project>
</CodeBlocks_project_file>
